
Microsoft Visual Studio Solution File, Format Version 12.00
# Visual Studio Version 16
VisualStudioVersion = 16.0.29215.179
MinimumVisualStudioVersion = 10.0.40219.1
Project("{9A19103F-16F7-4668-BE54-9A1E7A4F7556}") = "TinkerJems", "TinkerJems\TinkerJems.csproj", "{620CD1E8-B4B7-425B-9B2B-30C7E54D4608}"
EndProject
Project("{2150E333-8FDC-42A3-9474-1A3956D46DE8}") = "Solution Items", "Solution Items", "{137D7575-3D42-4F86-BD9E-97728F1EF82F}"
	ProjectSection(SolutionItems) = preProject
		heroku.yml = heroku.yml
	EndProjectSection
EndProject
Global
	GlobalSection(SolutionConfigurationPlatforms) = preSolution
		Debug|Any CPU = Debug|Any CPU
		Release|Any CPU = Release|Any CPU
	EndGlobalSection
	GlobalSection(ProjectConfigurationPlatforms) = postSolution
		{620CD1E8-B4B7-425B-9B2B-30C7E54D4608}.Debug|Any CPU.ActiveCfg = Debug|Any CPU
		{620CD1E8-B4B7-425B-9B2B-30C7E54D4608}.Debug|Any CPU.Build.0 = Debug|Any CPU
		{620CD1E8-B4B7-425B-9B2B-30C7E54D4608}.Release|Any CPU.ActiveCfg = Release|Any CPU
		{620CD1E8-B4B7-425B-9B2B-30C7E54D4608}.Release|Any CPU.Build.0 = Release|Any CPU
	EndGlobalSection
	GlobalSection(SolutionProperties) = preSolution
		HideSolutionNode = FALSE
	EndGlobalSection
	GlobalSection(ExtensibilityGlobals) = postSolution
		SolutionGuid = {75FFAF63-C679-46FF-A0F0-1B4856585B90}
	EndGlobalSection
EndGlobal
